{
  "name": "npm",
  "lockfileVersion": 3,
  "requires": true,
  "packages": {
    "": {
      "license": "Apache-2.0",
      "dependencies": {
        "@deno/shim-crypto": "~0.3.1",
        "@tauri-apps/api": "^2.1.1"
      },
      "devDependencies": {
        "picocolors": "^1.0.0"
      }
    },
    "node_modules/@deno/shim-crypto": {
      "version": "0.3.1",
      "resolved": "https://registry.npmjs.org/@deno/shim-crypto/-/shim-crypto-0.3.1.tgz",
      "integrity": "sha512-ed4pNnfur6UbASEgF34gVxR9p7Mc3qF+Ygbmjiil8ws5IhNFhPDFy5vE5hQAUA9JmVsSxXPcVLM5Rf8LOZqQ5Q=="
    },
    "node_modules/@tauri-apps/api": {
      "version": "2.1.1",
      "resolved": "https://registry.npmjs.org/@tauri-apps/api/-/api-2.1.1.tgz",
      "integrity": "sha512-fzUfFFKo4lknXGJq8qrCidkUcKcH2UHhfaaCNt4GzgzGaW2iS26uFOg4tS3H4P8D6ZEeUxtiD5z0nwFF0UN30A==",
      "funding": {
        "type": "opencollective",
        "url": "https://opencollective.com/tauri"
      }
    },
    "node_modules/picocolors": {
      "version": "1.1.1",
      "resolved": "https://registry.npmjs.org/picocolors/-/picocolors-1.1.1.tgz",
      "integrity": "sha512-xceH2snhtb5M9liqDsmEw56le376mTZkEX/jEb/RxNFyegNul7eNslCXP9FDj/Lcu0X8KEyMceP2ntpaHrDEVA==",
      "dev": true
    }
  }
}
